
Microsoft Visual Studio Solution File, Format Version 12.00
# Visual Studio Version 17
VisualStudioVersion = 17.3.32811.315
MinimumVisualStudioVersion = 10.0.40219.1
Project("{9A19103F-16F7-4668-BE54-9A1E7A4F7556}") = "AudioPlayer", "AudioPlayer\AudioPlayer.csproj", "{8D0C9D8E-70C9-404C-AE38-0BEC2C70FBE1}"
EndProject
Project("{2150E333-8FDC-42A3-9474-1A3956D46DE8}") = "Tests", "Tests", "{BEBD8FA0-AF6C-4673-9281-96710172E618}"
EndProject
Project("{FAE04EC0-301F-11D3-BF4B-00C04F79EFBC}") = "ConsoleTest", "Tests\ConsoleTest\ConsoleTest.csproj", "{38C89EE6-3DCA-4086-8DC7-39E23C468804}"
EndProject
Global
	GlobalSection(SolutionConfigurationPlatforms) = preSolution
		Debug|Any CPU = Debug|Any CPU
		Release|Any CPU = Release|Any CPU
	EndGlobalSection
	GlobalSection(ProjectConfigurationPlatforms) = postSolution
		{8D0C9D8E-70C9-404C-AE38-0BEC2C70FBE1}.Debug|Any CPU.ActiveCfg = Debug|Any CPU
		{8D0C9D8E-70C9-404C-AE38-0BEC2C70FBE1}.Debug|Any CPU.Build.0 = Debug|Any CPU
		{8D0C9D8E-70C9-404C-AE38-0BEC2C70FBE1}.Release|Any CPU.ActiveCfg = Release|Any CPU
		{8D0C9D8E-70C9-404C-AE38-0BEC2C70FBE1}.Release|Any CPU.Build.0 = Release|Any CPU
		{38C89EE6-3DCA-4086-8DC7-39E23C468804}.Debug|Any CPU.ActiveCfg = Debug|Any CPU
		{38C89EE6-3DCA-4086-8DC7-39E23C468804}.Debug|Any CPU.Build.0 = Debug|Any CPU
		{38C89EE6-3DCA-4086-8DC7-39E23C468804}.Release|Any CPU.ActiveCfg = Release|Any CPU
		{38C89EE6-3DCA-4086-8DC7-39E23C468804}.Release|Any CPU.Build.0 = Release|Any CPU
	EndGlobalSection
	GlobalSection(SolutionProperties) = preSolution
		HideSolutionNode = FALSE
	EndGlobalSection
	GlobalSection(NestedProjects) = preSolution
		{38C89EE6-3DCA-4086-8DC7-39E23C468804} = {BEBD8FA0-AF6C-4673-9281-96710172E618}
	EndGlobalSection
	GlobalSection(ExtensibilityGlobals) = postSolution
		SolutionGuid = {925FB8F6-FE9E-4352-AAF5-F3C655A99D45}
	EndGlobalSection
EndGlobal
